# THIS IS AN AUTOGENERATED FILE. DO NOT EDIT THIS FILE DIRECTLY.
# yarn lockfile v1


immer@^1.7.2:
  version "1.7.2"
  resolved "https://registry.yarnpkg.com/immer/-/immer-1.7.2.tgz#a51e9723c50b27e132f6566facbec1c85fc69547"

typescript@^3.1.1:
  version "3.1.1"
  resolved "https://registry.yarnpkg.com/typescript/-/typescript-3.1.1.tgz#3362ba9dd1e482ebb2355b02dfe8bcd19a2c7c96"
